
Microsoft Visual Studio Solution File, Format Version 12.00
# Visual Studio 2013
VisualStudioVersion = 12.0.31101.0
MinimumVisualStudioVersion = 10.0.40219.1
Project("{D2ABAB84-BF74-430A-B69E-9DC6D40DDA17}") = "MarkovModel", "MarkovModel\MarkovModel.dwproj", "{CB7F0483-5BA1-4617-825F-8B6853D71F44}"
EndProject
Global
	GlobalSection(SolutionConfigurationPlatforms) = preSolution
		Development|Default = Development|Default
	EndGlobalSection
	GlobalSection(ProjectConfigurationPlatforms) = postSolution
		{CB7F0483-5BA1-4617-825F-8B6853D71F44}.Development|Default.ActiveCfg = Development
		{CB7F0483-5BA1-4617-825F-8B6853D71F44}.Development|Default.Build.0 = Development
		{CB7F0483-5BA1-4617-825F-8B6853D71F44}.Development|Default.Deploy.0 = Development
	EndGlobalSection
	GlobalSection(SolutionProperties) = preSolution
		HideSolutionNode = FALSE
	EndGlobalSection
EndGlobal
